
Microsoft Visual Studio Solution File, Format Version 12.00
# Visual Studio Version 17
VisualStudioVersion = 17.1.32210.238
MinimumVisualStudioVersion = 10.0.40219.1
Project("{FAE04EC0-301F-11D3-BF4B-00C04F79EFBC}") = "ucDay13Doble", "ucDay13Doble\ucDay13Doble.csproj", "{235BCC12-F7EA-478D-81C0-11212CB4A693}"
EndProject
Global
	GlobalSection(SolutionConfigurationPlatforms) = preSolution
		Debug|Any CPU = Debug|Any CPU
		Release|Any CPU = Release|Any CPU
	EndGlobalSection
	GlobalSection(ProjectConfigurationPlatforms) = postSolution
		{235BCC12-F7EA-478D-81C0-11212CB4A693}.Debug|Any CPU.ActiveCfg = Debug|Any CPU
		{235BCC12-F7EA-478D-81C0-11212CB4A693}.Debug|Any CPU.Build.0 = Debug|Any CPU
		{235BCC12-F7EA-478D-81C0-11212CB4A693}.Release|Any CPU.ActiveCfg = Release|Any CPU
		{235BCC12-F7EA-478D-81C0-11212CB4A693}.Release|Any CPU.Build.0 = Release|Any CPU
	EndGlobalSection
	GlobalSection(SolutionProperties) = preSolution
		HideSolutionNode = FALSE
	EndGlobalSection
	GlobalSection(ExtensibilityGlobals) = postSolution
		SolutionGuid = {8A29F63A-3CAC-48B1-9A25-07B0165751B9}
	EndGlobalSection
EndGlobal
